
Microsoft Visual Studio Solution File, Format Version 12.00
# Visual Studio 2017
Project("{FAE04EC0-301F-11D3-BF4B-00C04F79EFBC}") = "TodoApi", "TodoApi.csproj", "{F04BC52E-BAAD-4C65-99B4-4E3684D6DE05}"
EndProject
Global
	GlobalSection(SolutionConfigurationPlatforms) = preSolution
		Debug|Any CPU = Debug|Any CPU
		Release|Any CPU = Release|Any CPU
	EndGlobalSection
	GlobalSection(ProjectConfigurationPlatforms) = postSolution
		{F04BC52E-BAAD-4C65-99B4-4E3684D6DE05}.Debug|Any CPU.ActiveCfg = Debug|Any CPU
		{F04BC52E-BAAD-4C65-99B4-4E3684D6DE05}.Debug|Any CPU.Build.0 = Debug|Any CPU
		{F04BC52E-BAAD-4C65-99B4-4E3684D6DE05}.Release|Any CPU.ActiveCfg = Release|Any CPU
		{F04BC52E-BAAD-4C65-99B4-4E3684D6DE05}.Release|Any CPU.Build.0 = Release|Any CPU
	EndGlobalSection
EndGlobal
